// !$*UTF8*$!
{
	archiveVersion = 1;
	classes = {
	};
	objectVersion = 50;
	objects = {

/* Begin PBXBuildFile section */
		6388DB862547FC89003F09A6 /* AppDelegate.swift in Sources */ = {isa = PBXBuildFile; fileRef = 6388DB852547FC89003F09A6 /* AppDelegate.swift */; };
		6388DB882547FC89003F09A6 /* SceneDelegate.swift in Sources */ = {isa = PBXBuildFile; fileRef = 6388DB872547FC89003F09A6 /* SceneDelegate.swift */; };
		6388DB8A2547FC89003F09A6 /* ViewController.swift in Sources */ = {isa = PBXBuildFile; fileRef = 6388DB892547FC89003F09A6 /* ViewController.swift */; };
		6388DB8D2547FC89003F09A6 /* Main.storyboard in Resources */ = {isa = PBXBuildFile; fileRef = 6388DB8B2547FC89003F09A6 /* Main.storyboard */; };
		6388DB8F2547FC8A003F09A6 /* Assets.xcassets in Resources */ = {isa = PBXBuildFile; fileRef = 6388DB8E2547FC8A003F09A6 /* Assets.xcassets */; };
		6388DB922547FC8A003F09A6 /* LaunchScreen.storyboard in Resources */ = {isa = PBXBuildFile; fileRef = 6388DB902547FC8A003F09A6 /* LaunchScreen.storyboard */; };
		6388DB9B25482297003F09A6 /* RecordTableViewController.swift in Sources */ = {isa = PBXBuildFile; fileRef = 6388DB9A25482297003F09A6 /* RecordTableViewController.swift */; };
		6388DB9F25482E74003F09A6 /* RecordTableViewCell.swift in Sources */ = {isa = PBXBuildFile; fileRef = 6388DB9D25482E74003F09A6 /* RecordTableViewCell.swift */; };
		6388DBA025482E74003F09A6 /* RecordTableViewCell.xib in Resources */ = {isa = PBXBuildFile; fileRef = 6388DB9E25482E74003F09A6 /* RecordTableViewCell.xib */; };
		6388DBB3254928B8003F09A6 /* CollectionViewController.swift in Sources */ = {isa = PBXBuildFile; fileRef = 6388DBB2254928B8003F09A6 /* CollectionViewController.swift */; };
		6388DBB825492E86003F09A6 /* CollectionViewCell.swift in Sources */ = {isa = PBXBuildFile; fileRef = 6388DBB625492E86003F09A6 /* CollectionViewCell.swift */; };
		6388DBB925492E86003F09A6 /* CollectionViewCell.xib in Resources */ = {isa = PBXBuildFile; fileRef = 6388DBB725492E86003F09A6 /* CollectionViewCell.xib */; };
/* End PBXBuildFile section */

/* Begin PBXFileReference section */
		6388DB822547FC89003F09A6 /* 1_Test_TableView_CollectionView.app */ = {isa = PBXFileReference; explicitFileType = wrapper.application; includeInIndex = 0; path = 1_Test_TableView_CollectionView.app; sourceTree = BUILT_PRODUCTS_DIR; };
		6388DB852547FC89003F09A6 /* AppDelegate.swift */ = {isa = PBXFileReference; lastKnownFileType = sourcecode.swift; path = AppDelegate.swift; sourceTree = "<group>"; };
		6388DB872547FC89003F09A6 /* SceneDelegate.swift */ = {isa = PBXFileReference; lastKnownFileType = sourcecode.swift; path = SceneDelegate.swift; sourceTree = "<group>"; };
		6388DB892547FC89003F09A6 /* ViewController.swift */ = {isa = PBXFileReference; lastKnownFileType = sourcecode.swift; path = ViewController.swift; sourceTree = "<group>"; };
		6388DB8C2547FC89003F09A6 /* Base */ = {isa = PBXFileReference; lastKnownFileType = file.storyboard; name = Base; path = Base.lproj/Main.storyboard; sourceTree = "<group>"; };
		6388DB8E2547FC8A003F09A6 /* Assets.xcassets */ = {isa = PBXFileReference; lastKnownFileType = folder.assetcatalog; path = Assets.xcassets; sourceTree = "<group>"; };
		6388DB912547FC8A003F09A6 /* Base */ = {isa = PBXFileReference; lastKnownFileType = file.storyboard; name = Base; path = Base.lproj/LaunchScreen.storyboard; sourceTree = "<group>"; };
		6388DB932547FC8A003F09A6 /* Info.plist */ = {isa = PBXFileReference; lastKnownFileType = text.plist.xml; path = Info.plist; sourceTree = "<group>"; };
		6388DB9A25482297003F09A6 /* RecordTableViewController.swift */ = {isa = PBXFileReference; lastKnownFileType = sourcecode.swift; path = RecordTableViewController.swift; sourceTree = "<group>"; };
		6388DB9D25482E74003F09A6 /* RecordTableViewCell.swift */ = {isa = PBXFileReference; lastKnownFileType = sourcecode.swift; path = RecordTableViewCell.swift; sourceTree = "<group>"; };
		6388DB9E25482E74003F09A6 /* RecordTableViewCell.xib */ = {isa = PBXFileReference; lastKnownFileType = file.xib; path = RecordTableViewCell.xib; sourceTree = "<group>"; };
		6388DBB2254928B8003F09A6 /* CollectionViewController.swift */ = {isa = PBXFileReference; lastKnownFileType = sourcecode.swift; path = CollectionViewController.swift; sourceTree = "<group>"; };
		6388DBB625492E86003F09A6 /* CollectionViewCell.swift */ = {isa = PBXFileReference; lastKnownFileType = sourcecode.swift; path = CollectionViewCell.swift; sourceTree = "<group>"; };
		6388DBB725492E86003F09A6 /* CollectionViewCell.xib */ = {isa = PBXFileReference; lastKnownFileType = file.xib; path = CollectionViewCell.xib; sourceTree = "<group>"; };
/* End PBXFileReference section */

/* Begin PBXFrameworksBuildPhase section */
		6388DB7F2547FC89003F09A6 /* Frameworks */ = {
			isa = PBXFrameworksBuildPhase;
			buildActionMask = 2147483647;
			files = (
			);
			runOnlyForDeploymentPostprocessing = 0;
		};
/* End PBXFrameworksBuildPhase section */

/* Begin PBXGroup section */
		6388DB792547FC89003F09A6 = {
			isa = PBXGroup;
			children = (
				6388DB842547FC89003F09A6 /* 1_Test_TableView_CollectionView */,
				6388DB832547FC89003F09A6 /* Products */,
			);
			sourceTree = "<group>";
		};
		6388DB832547FC89003F09A6 /* Products */ = {
			isa = PBXGroup;
			children = (
				6388DB822547FC89003F09A6 /* 1_Test_TableView_CollectionView.app */,
			);
			name = Products;
			sourceTree = "<group>";
		};
		6388DB842547FC89003F09A6 /* 1_Test_TableView_CollectionView */ = {
			isa = PBXGroup;
			children = (
				6388DB852547FC89003F09A6 /* AppDelegate.swift */,
				6388DB872547FC89003F09A6 /* SceneDelegate.swift */,
				6388DB892547FC89003F09A6 /* ViewController.swift */,
				6388DB8B2547FC89003F09A6 /* Main.storyboard */,
				6388DBB2254928B8003F09A6 /* CollectionViewController.swift */,
				6388DBB625492E86003F09A6 /* CollectionViewCell.swift */,
				6388DBB725492E86003F09A6 /* CollectionViewCell.xib */,
				6388DB8E2547FC8A003F09A6 /* Assets.xcassets */,
				6388DB902547FC8A003F09A6 /* LaunchScreen.storyboard */,
				6388DB932547FC8A003F09A6 /* Info.plist */,
				6388DB9A25482297003F09A6 /* RecordTableViewController.swift */,
				6388DB9D25482E74003F09A6 /* RecordTableViewCell.swift */,
				6388DB9E25482E74003F09A6 /* RecordTableViewCell.xib */,
			);
			path = 1_Test_TableView_CollectionView;
			sourceTree = "<group>";
		};
/* End PBXGroup section */

/* Begin PBXNativeTarget section */
		6388DB812547FC89003F09A6 /* 1_Test_TableView_CollectionView */ = {
			isa = PBXNativeTarget;
			buildConfigurationList = 6388DB962547FC8A003F09A6 /* Build configuration list for PBXNativeTarget "1_Test_TableView_CollectionView" */;
			buildPhases = (
				6388DB7E2547FC89003F09A6 /* Sources */,
				6388DB7F2547FC89003F09A6 /* Frameworks */,
				6388DB802547FC89003F09A6 /* Resources */,
			);
			buildRules = (
			);
			dependencies = (
			);
			name = 1_Test_TableView_CollectionView;
			productName = 1_Test_TableView_CollectionView;
			productReference = 6388DB822547FC89003F09A6 /* 1_Test_TableView_CollectionView.app */;
			productType = "com.apple.product-type.application";
		};
/* End PBXNativeTarget section */

/* Begin PBXProject section */
		6388DB7A2547FC89003F09A6 /* Project object */ = {
			isa = PBXProject;
			attributes = {
				LastSwiftUpdateCheck = 1210;
				LastUpgradeCheck = 1210;
				TargetAttributes = {
					6388DB812547FC89003F09A6 = {
						CreatedOnToolsVersion = 12.1;
					};
				};
			};
			buildConfigurationList = 6388DB7D2547FC89003F09A6 /* Build configuration list for PBXProject "1_Test_TableView_CollectionView" */;
			compatibilityVersion = "Xcode 9.3";
			developmentRegion = en;
			hasScannedForEncodings = 0;
			knownRegions = (
				en,
				Base,
			);
			mainGroup = 6388DB792547FC89003F09A6;
			productRefGroup = 6388DB832547FC89003F09A6 /* Products */;
			projectDirPath = "";
			projectRoot = "";
			targets = (
				6388DB812547FC89003F09A6 /* 1_Test_TableView_CollectionView */,
			);
		};
/* End PBXProject section */

/* Begin PBXResourcesBuildPhase section */
		6388DB802547FC89003F09A6 /* Resources */ = {
			isa = PBXResourcesBuildPhase;
			buildActionMask = 2147483647;
			files = (
				6388DB922547FC8A003F09A6 /* LaunchScreen.storyboard in Resources */,
				6388DB8F2547FC8A003F09A6 /* Assets.xcassets in Resources */,
				6388DBA025482E74003F09A6 /* RecordTableViewCell.xib in Resources */,
				6388DB8D2547FC89003F09A6 /* Main.storyboard in Resources */,
				6388DBB925492E86003F09A6 /* CollectionViewCell.xib in Resources */,
			);
			runOnlyForDeploymentPostprocessing = 0;
		};
/* End PBXResourcesBuildPhase section */

/* Begin PBXSourcesBuildPhase section */
		6388DB7E2547FC89003F09A6 /* Sources */ = {
			isa = PBXSourcesBuildPhase;
			buildActionMask = 2147483647;
			files = (
				6388DB9B25482297003F09A6 /* RecordTableViewController.swift in Sources */,
				6388DB8A2547FC89003F09A6 /* ViewController.swift in Sources */,
				6388DB862547FC89003F09A6 /* AppDelegate.swift in Sources */,
				6388DBB825492E86003F09A6 /* CollectionViewCell.swift in Sources */,
				6388DBB3254928B8003F09A6 /* CollectionViewController.swift in Sources */,
				6388DB9F25482E74003F09A6 /* RecordTableViewCell.swift in Sources */,
				6388DB882547FC89003F09A6 /* SceneDelegate.swift in Sources */,
			);
			runOnlyForDeploymentPostprocessing = 0;
		};
/* End PBXSourcesBuildPhase section */

/* Begin PBXVariantGroup section */
		6388DB8B2547FC89003F09A6 /* Main.storyboard */ = {
			isa = PBXVariantGroup;
			children = (
				6388DB8C2547FC89003F09A6 /* Base */,
			);
			name = Main.storyboard;
			sourceTree = "<group>";
		};
		6388DB902547FC8A003F09A6 /* LaunchScreen.storyboard */ = {
			isa = PBXVariantGroup;
			children = (
				6388DB912547FC8A003F09A6 /* Base */,
			);
			name = LaunchScreen.storyboard;
			sourceTree = "<group>";
		};
/* End PBXVariantGroup section */

/* Begin XCBuildConfiguration section */
		6388DB942547FC8A003F09A6 /* Debug */ = {
			isa = XCBuildConfiguration;
			buildSettings = {
				ALWAYS_SEARCH_USER_PATHS = NO;
				CLANG_ANALYZER_NONNULL = YES;
				CLANG_ANALYZER_NUMBER_OBJECT_CONVERSION = YES_AGGRESSIVE;
				CLANG_CXX_LANGUAGE_STANDARD = "gnu++14";
				CLANG_CXX_LIBRARY = "libc++";
				CLANG_ENABLE_MODULES = YES;
				CLANG_ENABLE_OBJC_ARC = YES;
				CLANG_ENABLE_OBJC_WEAK = YES;
				CLANG_WARN_BLOCK_CAPTURE_AUTORELEASING = YES;
				CLANG_WARN_BOOL_CONVERSION = YES;
				CLANG_WARN_COMMA = YES;
				CLANG_WARN_CONSTANT_CONVERSION = YES;
				CLANG_WARN_DEPRECATED_OBJC_IMPLEMENTATIONS = YES;
				CLANG_WARN_DIRECT_OBJC_ISA_USAGE = YES_ERROR;
				CLANG_WARN_DOCUMENTATION_COMMENTS = YES;
				CLANG_WARN_EMPTY_BODY = YES;
				CLANG_WARN_ENUM_CONVERSION = YES;
				CLANG_WARN_INFINITE_RECURSION = YES;
				CLANG_WARN_INT_CONVERSION = YES;
				CLANG_WARN_NON_LITERAL_NULL_CONVERSION = YES;
				CLANG_WARN_OBJC_IMPLICIT_RETAIN_SELF = YES;
				CLANG_WARN_OBJC_LITERAL_CONVERSION = YES;
				CLANG_WARN_OBJC_ROOT_CLASS = YES_ERROR;
				CLANG_WARN_QUOTED_INCLUDE_IN_FRAMEWORK_HEADER = YES;
				CLANG_WARN_RANGE_LOOP_ANALYSIS = YES;
				CLANG_WARN_STRICT_PROTOTYPES = YES;
				CLANG_WARN_SUSPICIOUS_MOVE = YES;
				CLANG_WARN_UNGUARDED_AVAILABILITY = YES_AGGRESSIVE;
				CLANG_WARN_UNREACHABLE_CODE = YES;
				CLANG_WARN__DUPLICATE_METHOD_MATCH = YES;
				COPY_PHASE_STRIP = NO;
				DEBUG_INFORMATION_FORMAT = dwarf;
				ENABLE_STRICT_OBJC_MSGSEND = YES;
				ENABLE_TESTABILITY = YES;
				GCC_C_LANGUAGE_STANDARD = gnu11;
				GCC_DYNAMIC_NO_PIC = NO;
				GCC_NO_COMMON_BLOCKS = YES;
				GCC_OPTIMIZATION_LEVEL = 0;
				GCC_PREPROCESSOR_DEFINITIONS = (
					"DEBUG=1",
					"$(inherited)",
				);
				GCC_WARN_64_TO_32_BIT_CONVERSION = YES;
				GCC_WARN_ABOUT_RETURN_TYPE = YES_ERROR;
				GCC_WARN_UNDECLARED_SELECTOR = YES;
				GCC_WARN_UNINITIALIZED_AUTOS = YES_AGGRESSIVE;
				GCC_WARN_UNUSED_FUNCTION = YES;
				GCC_WARN_UNUSED_VARIABLE = YES;
				IPHONEOS_DEPLOYMENT_TARGET = 14.1;
				MTL_ENABLE_DEBUG_INFO = INCLUDE_SOURCE;
				MTL_FAST_MATH = YES;
				ONLY_ACTIVE_ARCH = YES;
				SDKROOT = iphoneos;
				SWIFT_ACTIVE_COMPILATION_CONDITIONS = DEBUG;
				SWIFT_OPTIMIZATION_LEVEL = "-Onone";
			};
			name = Debug;
		};
		6388DB952547FC8A003F09A6 /* Release */ = {
			isa = XCBuildConfiguration;
			buildSettings = {
				ALWAYS_SEARCH_USER_PATHS = NO;
				CLANG_ANALYZER_NONNULL = YES;
				CLANG_ANALYZER_NUMBER_OBJECT_CONVERSION = YES_AGGRESSIVE;
				CLANG_CXX_LANGUAGE_STANDARD = "gnu++14";
				CLANG_CXX_LIBRARY = "libc++";
				CLANG_ENABLE_MODULES = YES;
				CLANG_ENABLE_OBJC_ARC = YES;
				CLANG_ENABLE_OBJC_WEAK = YES;
				CLANG_WARN_BLOCK_CAPTURE_AUTORELEASING = YES;
				CLANG_WARN_BOOL_CONVERSION = YES;
				CLANG_WARN_COMMA = YES;
				CLANG_WARN_CONSTANT_CONVERSION = YES;
				CLANG_WARN_DEPRECATED_OBJC_IMPLEMENTATIONS = YES;
				CLANG_WARN_DIRECT_OBJC_ISA_USAGE = YES_ERROR;
				CLANG_WARN_DOCUMENTATION_COMMENTS = YES;
				CLANG_WARN_EMPTY_BODY = YES;
				CLANG_WARN_ENUM_CONVERSION = YES;
				CLANG_WARN_INFINITE_RECURSION = YES;
				CLANG_WARN_INT_CONVERSION = YES;
				CLANG_WARN_NON_LITERAL_NULL_CONVERSION = YES;
				CLANG_WARN_OBJC_IMPLICIT_RETAIN_SELF = YES;
				CLANG_WARN_OBJC_LITERAL_CONVERSION = YES;
				CLANG_WARN_OBJC_ROOT_CLASS = YES_ERROR;
				CLANG_WARN_QUOTED_INCLUDE_IN_FRAMEWORK_HEADER = YES;
				CLANG_WARN_RANGE_LOOP_ANALYSIS = YES;
				CLANG_WARN_STRICT_PROTOTYPES = YES;
				CLANG_WARN_SUSPICIOUS_MOVE = YES;
				CLANG_WARN_UNGUARDED_AVAILABILITY = YES_AGGRESSIVE;
				CLANG_WARN_UNREACHABLE_CODE = YES;
				CLANG_WARN__DUPLICATE_METHOD_MATCH = YES;
				COPY_PHASE_STRIP = NO;
				DEBUG_INFORMATION_FORMAT = "dwarf-with-dsym";
				ENABLE_NS_ASSERTIONS = NO;
				ENABLE_STRICT_OBJC_MSGSEND = YES;
				GCC_C_LANGUAGE_STANDARD = gnu11;
				GCC_NO_COMMON_BLOCKS = YES;
				GCC_WARN_64_TO_32_BIT_CONVERSION = YES;
				GCC_WARN_ABOUT_RETURN_TYPE = YES_ERROR;
				GCC_WARN_UNDECLARED_SELECTOR = YES;
				GCC_WARN_UNINITIALIZED_AUTOS = YES_AGGRESSIVE;
				GCC_WARN_UNUSED_FUNCTION = YES;
				GCC_WARN_UNUSED_VARIABLE = YES;
				IPHONEOS_DEPLOYMENT_TARGET = 14.1;
				MTL_ENABLE_DEBUG_INFO = NO;
				MTL_FAST_MATH = YES;
				SDKROOT = iphoneos;
				SWIFT_COMPILATION_MODE = wholemodule;
				SWIFT_OPTIMIZATION_LEVEL = "-O";
				VALIDATE_PRODUCT = YES;
			};
			name = Release;
		};
		6388DB972547FC8A003F09A6 /* Debug */ = {
			isa = XCBuildConfiguration;
			buildSettings = {
				ASSETCATALOG_COMPILER_APPICON_NAME = AppIcon;
				ASSETCATALOG_COMPILER_GLOBAL_ACCENT_COLOR_NAME = AccentColor;
				CODE_SIGN_STYLE = Automatic;
				INFOPLIST_FILE = 1_Test_TableView_CollectionView/Info.plist;
				LD_RUNPATH_SEARCH_PATHS = (
					"$(inherited)",
					"@executable_path/Frameworks",
				);
				PRODUCT_BUNDLE_IDENTIFIER = "trt.--Test-TableView-CollectionView";
				PRODUCT_NAME = "$(TARGET_NAME)";
				SWIFT_VERSION = 5.0;
				TARGETED_DEVICE_FAMILY = "1,2";
			};
			name = Debug;
		};
		6388DB982547FC8A003F09A6 /* Release */ = {
			isa = XCBuildConfiguration;
			buildSettings = {
				ASSETCATALOG_COMPILER_APPICON_NAME = AppIcon;
				ASSETCATALOG_COMPILER_GLOBAL_ACCENT_COLOR_NAME = AccentColor;
				CODE_SIGN_STYLE = Automatic;
				INFOPLIST_FILE = 1_Test_TableView_CollectionView/Info.plist;
				LD_RUNPATH_SEARCH_PATHS = (
					"$(inherited)",
					"@executable_path/Frameworks",
				);
				PRODUCT_BUNDLE_IDENTIFIER = "trt.--Test-TableView-CollectionView";
				PRODUCT_NAME = "$(TARGET_NAME)";
				SWIFT_VERSION = 5.0;
				TARGETED_DEVICE_FAMILY = "1,2";
			};
			name = Release;
		};
/* End XCBuildConfiguration section */

/* Begin XCConfigurationList section */
		6388DB7D2547FC89003F09A6 /* Build configuration list for PBXProject "1_Test_TableView_CollectionView" */ = {
			isa = XCConfigurationList;
			buildConfigurations = (
				6388DB942547FC8A003F09A6 /* Debug */,
				6388DB952547FC8A003F09A6 /* Release */,
			);
			defaultConfigurationIsVisible = 0;
			defaultConfigurationName = Release;
		};
		6388DB962547FC8A003F09A6 /* Build configuration list for PBXNativeTarget "1_Test_TableView_CollectionView" */ = {
			isa = XCConfigurationList;
			buildConfigurations = (
				6388DB972547FC8A003F09A6 /* Debug */,
				6388DB982547FC8A003F09A6 /* Release */,
			);
			defaultConfigurationIsVisible = 0;
			defaultConfigurationName = Release;
		};
/* End XCConfigurationList section */
	};
	rootObject = 6388DB7A2547FC89003F09A6 /* Project object */;
}
